
Microsoft Visual Studio Solution File, Format Version 12.00
# Visual Studio Version 17
VisualStudioVersion = 17.13.35931.197 d17.13
MinimumVisualStudioVersion = 10.0.40219.1
Project("{FAE04EC0-301F-11D3-BF4B-00C04F79EFBC}") = "FirstCsharpApp", "FirstCsharpApp.csproj", "{0A295183-8199-4F0F-8921-3C25BDB7518F}"
EndProject
Global
	GlobalSection(SolutionConfigurationPlatforms) = preSolution
		Debug|Any CPU = Debug|Any CPU
		Release|Any CPU = Release|Any CPU
	EndGlobalSection
	GlobalSection(ProjectConfigurationPlatforms) = postSolution
		{0A295183-8199-4F0F-8921-3C25BDB7518F}.Debug|Any CPU.ActiveCfg = Debug|Any CPU
		{0A295183-8199-4F0F-8921-3C25BDB7518F}.Debug|Any CPU.Build.0 = Debug|Any CPU
		{0A295183-8199-4F0F-8921-3C25BDB7518F}.Release|Any CPU.ActiveCfg = Release|Any CPU
		{0A295183-8199-4F0F-8921-3C25BDB7518F}.Release|Any CPU.Build.0 = Release|Any CPU
	EndGlobalSection
	GlobalSection(SolutionProperties) = preSolution
		HideSolutionNode = FALSE
	EndGlobalSection
	GlobalSection(ExtensibilityGlobals) = postSolution
		SolutionGuid = {41C353BD-2886-4E77-95B2-FE977449D79D}
	EndGlobalSection
EndGlobal
