
Microsoft Visual Studio Solution File, Format Version 12.00
# Visual Studio Version 17
VisualStudioVersion = 17.13.35931.197
MinimumVisualStudioVersion = 10.0.40219.1
Project("{FAE04EC0-301F-11D3-BF4B-00C04F79EFBC}") = "SyntaxWinApp01", "SyntaxWinApp01\SyntaxWinApp01.csproj", "{29ECC716-933A-4328-90D7-19635F8715C1}"
EndProject
Project("{FAE04EC0-301F-11D3-BF4B-00C04F79EFBC}") = "SyntaxWinApp02", "SyntaxWinApp02\SyntaxWinApp02.csproj", "{89C31A0F-F3FA-4170-ADAD-A5C8EC78FBCC}"
EndProject
Project("{FAE04EC0-301F-11D3-BF4B-00C04F79EFBC}") = "SyntaxWinApp03", "SyntaxWinApp03\SyntaxWinApp03.csproj", "{6D8089D9-DE66-42E7-BDDC-60A3C2639024}"
EndProject
Global
	GlobalSection(SolutionConfigurationPlatforms) = preSolution
		Debug|Any CPU = Debug|Any CPU
		Release|Any CPU = Release|Any CPU
	EndGlobalSection
	GlobalSection(ProjectConfigurationPlatforms) = postSolution
		{29ECC716-933A-4328-90D7-19635F8715C1}.Debug|Any CPU.ActiveCfg = Debug|Any CPU
		{29ECC716-933A-4328-90D7-19635F8715C1}.Debug|Any CPU.Build.0 = Debug|Any CPU
		{29ECC716-933A-4328-90D7-19635F8715C1}.Release|Any CPU.ActiveCfg = Release|Any CPU
		{29ECC716-933A-4328-90D7-19635F8715C1}.Release|Any CPU.Build.0 = Release|Any CPU
		{89C31A0F-F3FA-4170-ADAD-A5C8EC78FBCC}.Debug|Any CPU.ActiveCfg = Debug|Any CPU
		{89C31A0F-F3FA-4170-ADAD-A5C8EC78FBCC}.Debug|Any CPU.Build.0 = Debug|Any CPU
		{89C31A0F-F3FA-4170-ADAD-A5C8EC78FBCC}.Release|Any CPU.ActiveCfg = Release|Any CPU
		{89C31A0F-F3FA-4170-ADAD-A5C8EC78FBCC}.Release|Any CPU.Build.0 = Release|Any CPU
		{6D8089D9-DE66-42E7-BDDC-60A3C2639024}.Debug|Any CPU.ActiveCfg = Debug|Any CPU
		{6D8089D9-DE66-42E7-BDDC-60A3C2639024}.Debug|Any CPU.Build.0 = Debug|Any CPU
		{6D8089D9-DE66-42E7-BDDC-60A3C2639024}.Release|Any CPU.ActiveCfg = Release|Any CPU
		{6D8089D9-DE66-42E7-BDDC-60A3C2639024}.Release|Any CPU.Build.0 = Release|Any CPU
	EndGlobalSection
	GlobalSection(SolutionProperties) = preSolution
		HideSolutionNode = FALSE
	EndGlobalSection
	GlobalSection(ExtensibilityGlobals) = postSolution
		SolutionGuid = {5DA54627-E799-447D-816C-5B53E88346AA}
	EndGlobalSection
EndGlobal
