
Microsoft Visual Studio Solution File, Format Version 12.00
# Visual Studio Version 17
VisualStudioVersion = 17.13.35931.197
MinimumVisualStudioVersion = 10.0.40219.1
Project("{FAE04EC0-301F-11D3-BF4B-00C04F79EFBC}") = "WpfStudyApp01", "WpfStudyApp01\WpfStudyApp01.csproj", "{60DAF81D-2652-4EFE-AD48-19405750155D}"
EndProject
Project("{FAE04EC0-301F-11D3-BF4B-00C04F79EFBC}") = "WpfStudyApp02", "WpfStudyApp02\WpfStudyApp02.csproj", "{1B626436-5866-4917-842C-DDF910B90F6E}"
EndProject
Project("{FAE04EC0-301F-11D3-BF4B-00C04F79EFBC}") = "UiDesktopApp01", "UiDesktopApp01\UiDesktopApp01.csproj", "{28014627-6238-414D-A623-C042429A8CFF}"
EndProject
Global
	GlobalSection(SolutionConfigurationPlatforms) = preSolution
		Debug|Any CPU = Debug|Any CPU
		Release|Any CPU = Release|Any CPU
	EndGlobalSection
	GlobalSection(ProjectConfigurationPlatforms) = postSolution
		{60DAF81D-2652-4EFE-AD48-19405750155D}.Debug|Any CPU.ActiveCfg = Debug|Any CPU
		{60DAF81D-2652-4EFE-AD48-19405750155D}.Debug|Any CPU.Build.0 = Debug|Any CPU
		{60DAF81D-2652-4EFE-AD48-19405750155D}.Release|Any CPU.ActiveCfg = Release|Any CPU
		{60DAF81D-2652-4EFE-AD48-19405750155D}.Release|Any CPU.Build.0 = Release|Any CPU
		{1B626436-5866-4917-842C-DDF910B90F6E}.Debug|Any CPU.ActiveCfg = Debug|Any CPU
		{1B626436-5866-4917-842C-DDF910B90F6E}.Debug|Any CPU.Build.0 = Debug|Any CPU
		{1B626436-5866-4917-842C-DDF910B90F6E}.Release|Any CPU.ActiveCfg = Release|Any CPU
		{1B626436-5866-4917-842C-DDF910B90F6E}.Release|Any CPU.Build.0 = Release|Any CPU
		{28014627-6238-414D-A623-C042429A8CFF}.Debug|Any CPU.ActiveCfg = Debug|Any CPU
		{28014627-6238-414D-A623-C042429A8CFF}.Debug|Any CPU.Build.0 = Debug|Any CPU
		{28014627-6238-414D-A623-C042429A8CFF}.Release|Any CPU.ActiveCfg = Release|Any CPU
		{28014627-6238-414D-A623-C042429A8CFF}.Release|Any CPU.Build.0 = Release|Any CPU
	EndGlobalSection
	GlobalSection(SolutionProperties) = preSolution
		HideSolutionNode = FALSE
	EndGlobalSection
	GlobalSection(ExtensibilityGlobals) = postSolution
		SolutionGuid = {577B2035-A54A-4D5E-BF8C-5FF2122FCADE}
	EndGlobalSection
EndGlobal
