
Microsoft Visual Studio Solution File, Format Version 12.00
# Visual Studio Version 17
VisualStudioVersion = 17.13.35931.197
MinimumVisualStudioVersion = 10.0.40219.1
Project("{FAE04EC0-301F-11D3-BF4B-00C04F79EFBC}") = "ConsoleApp1", "ConsoleApp1\ConsoleApp1.csproj", "{ECBC2B39-5010-4202-BBC5-4C492C64AD8A}"
EndProject
Project("{FAE04EC0-301F-11D3-BF4B-00C04F79EFBC}") = "SyntaxWinApp01", "SyntaxWinApp01\SyntaxWinApp01.csproj", "{C5C53999-ADF9-4CDC-9990-5C31DECED754}"
EndProject
Project("{FAE04EC0-301F-11D3-BF4B-00C04F79EFBC}") = "SyntaxWinApp02", "SyntaxWinApp02\SyntaxWinApp02.csproj", "{A1A99805-E89E-4E44-B5BD-19AB32AFC651}"
EndProject
Project("{FAE04EC0-301F-11D3-BF4B-00C04F79EFBC}") = "SyntaxWinApp03", "SyntaxWinApp03\SyntaxWinApp03.csproj", "{A003EAB0-A490-4913-A139-706A691B41D3}"
EndProject
Project("{FAE04EC0-301F-11D3-BF4B-00C04F79EFBC}") = "SyntaxWinApp04", "SyntaxWinApp04\SyntaxWinApp04.csproj", "{5FAA03BF-BEFE-4C71-8BEA-15E310785450}"
EndProject
Global
	GlobalSection(SolutionConfigurationPlatforms) = preSolution
		Debug|Any CPU = Debug|Any CPU
		Release|Any CPU = Release|Any CPU
	EndGlobalSection
	GlobalSection(ProjectConfigurationPlatforms) = postSolution
		{ECBC2B39-5010-4202-BBC5-4C492C64AD8A}.Debug|Any CPU.ActiveCfg = Debug|Any CPU
		{ECBC2B39-5010-4202-BBC5-4C492C64AD8A}.Debug|Any CPU.Build.0 = Debug|Any CPU
		{ECBC2B39-5010-4202-BBC5-4C492C64AD8A}.Release|Any CPU.ActiveCfg = Release|Any CPU
		{ECBC2B39-5010-4202-BBC5-4C492C64AD8A}.Release|Any CPU.Build.0 = Release|Any CPU
		{C5C53999-ADF9-4CDC-9990-5C31DECED754}.Debug|Any CPU.ActiveCfg = Debug|Any CPU
		{C5C53999-ADF9-4CDC-9990-5C31DECED754}.Debug|Any CPU.Build.0 = Debug|Any CPU
		{C5C53999-ADF9-4CDC-9990-5C31DECED754}.Release|Any CPU.ActiveCfg = Release|Any CPU
		{C5C53999-ADF9-4CDC-9990-5C31DECED754}.Release|Any CPU.Build.0 = Release|Any CPU
		{A1A99805-E89E-4E44-B5BD-19AB32AFC651}.Debug|Any CPU.ActiveCfg = Debug|Any CPU
		{A1A99805-E89E-4E44-B5BD-19AB32AFC651}.Debug|Any CPU.Build.0 = Debug|Any CPU
		{A1A99805-E89E-4E44-B5BD-19AB32AFC651}.Release|Any CPU.ActiveCfg = Release|Any CPU
		{A1A99805-E89E-4E44-B5BD-19AB32AFC651}.Release|Any CPU.Build.0 = Release|Any CPU
		{A003EAB0-A490-4913-A139-706A691B41D3}.Debug|Any CPU.ActiveCfg = Debug|Any CPU
		{A003EAB0-A490-4913-A139-706A691B41D3}.Debug|Any CPU.Build.0 = Debug|Any CPU
		{A003EAB0-A490-4913-A139-706A691B41D3}.Release|Any CPU.ActiveCfg = Release|Any CPU
		{A003EAB0-A490-4913-A139-706A691B41D3}.Release|Any CPU.Build.0 = Release|Any CPU
		{5FAA03BF-BEFE-4C71-8BEA-15E310785450}.Debug|Any CPU.ActiveCfg = Debug|Any CPU
		{5FAA03BF-BEFE-4C71-8BEA-15E310785450}.Debug|Any CPU.Build.0 = Debug|Any CPU
		{5FAA03BF-BEFE-4C71-8BEA-15E310785450}.Release|Any CPU.ActiveCfg = Release|Any CPU
		{5FAA03BF-BEFE-4C71-8BEA-15E310785450}.Release|Any CPU.Build.0 = Release|Any CPU
	EndGlobalSection
	GlobalSection(SolutionProperties) = preSolution
		HideSolutionNode = FALSE
	EndGlobalSection
	GlobalSection(ExtensibilityGlobals) = postSolution
		SolutionGuid = {3171C029-FB73-4C97-B753-292B362B8349}
	EndGlobalSection
EndGlobal
